
Microsoft Visual Studio Solution File, Format Version 12.00
# Visual Studio Version 17
VisualStudioVersion = 17.1.32228.430
MinimumVisualStudioVersion = 10.0.40219.1
Project("{FAE04EC0-301F-11D3-BF4B-00C04F79EFBC}") = "Vjezba3", "Vjezba3.csproj", "{2B251536-8289-4449-9EC9-4C4D7B4CA01C}"
EndProject
Global
	GlobalSection(SolutionConfigurationPlatforms) = preSolution
		Debug|Any CPU = Debug|Any CPU
		Release|Any CPU = Release|Any CPU
	EndGlobalSection
	GlobalSection(ProjectConfigurationPlatforms) = postSolution
		{2B251536-8289-4449-9EC9-4C4D7B4CA01C}.Debug|Any CPU.ActiveCfg = Debug|Any CPU
		{2B251536-8289-4449-9EC9-4C4D7B4CA01C}.Debug|Any CPU.Build.0 = Debug|Any CPU
		{2B251536-8289-4449-9EC9-4C4D7B4CA01C}.Release|Any CPU.ActiveCfg = Release|Any CPU
		{2B251536-8289-4449-9EC9-4C4D7B4CA01C}.Release|Any CPU.Build.0 = Release|Any CPU
	EndGlobalSection
	GlobalSection(SolutionProperties) = preSolution
		HideSolutionNode = FALSE
	EndGlobalSection
	GlobalSection(ExtensibilityGlobals) = postSolution
		SolutionGuid = {AC39CF52-1A31-4924-B31F-3D08F0CFCE57}
	EndGlobalSection
EndGlobal
